// !$*UTF8*$!
{
	archiveVersion = 1;
	classes = {
	};
	objectVersion = 50;
	objects = {

/* Begin PBXBuildFile section */
		03ED90D024BD0E4800E6AAAD /* AppDelegate.swift in Sources */ = {isa = PBXBuildFile; fileRef = 03ED90CF24BD0E4800E6AAAD /* AppDelegate.swift */; };
		03ED90D224BD0E4800E6AAAD /* SceneDelegate.swift in Sources */ = {isa = PBXBuildFile; fileRef = 03ED90D124BD0E4800E6AAAD /* SceneDelegate.swift */; };
		03ED90D424BD0E4800E6AAAD /* ContentView.swift in Sources */ = {isa = PBXBuildFile; fileRef = 03ED90D324BD0E4800E6AAAD /* ContentView.swift */; };
		03ED90D624BD0E4B00E6AAAD /* Assets.xcassets in Resources */ = {isa = PBXBuildFile; fileRef = 03ED90D524BD0E4B00E6AAAD /* Assets.xcassets */; };
		03ED90D924BD0E4B00E6AAAD /* Preview Assets.xcassets in Resources */ = {isa = PBXBuildFile; fileRef = 03ED90D824BD0E4B00E6AAAD /* Preview Assets.xcassets */; };
		03ED90DC24BD0E4B00E6AAAD /* LaunchScreen.storyboard in Resources */ = {isa = PBXBuildFile; fileRef = 03ED90DA24BD0E4B00E6AAAD /* LaunchScreen.storyboard */; };
/* End PBXBuildFile section */

/* Begin PBXFileReference section */
		03ED90CC24BD0E4800E6AAAD /* cs193p-set-game.app */ = {isa = PBXFileReference; explicitFileType = wrapper.application; includeInIndex = 0; path = "cs193p-set-game.app"; sourceTree = BUILT_PRODUCTS_DIR; };
		03ED90CF24BD0E4800E6AAAD /* AppDelegate.swift */ = {isa = PBXFileReference; lastKnownFileType = sourcecode.swift; path = AppDelegate.swift; sourceTree = "<group>"; };
		03ED90D124BD0E4800E6AAAD /* SceneDelegate.swift */ = {isa = PBXFileReference; lastKnownFileType = sourcecode.swift; path = SceneDelegate.swift; sourceTree = "<group>"; };
		03ED90D324BD0E4800E6AAAD /* ContentView.swift */ = {isa = PBXFileReference; lastKnownFileType = sourcecode.swift; path = ContentView.swift; sourceTree = "<group>"; };
		03ED90D524BD0E4B00E6AAAD /* Assets.xcassets */ = {isa = PBXFileReference; lastKnownFileType = folder.assetcatalog; path = Assets.xcassets; sourceTree = "<group>"; };
		03ED90D824BD0E4B00E6AAAD /* Preview Assets.xcassets */ = {isa = PBXFileReference; lastKnownFileType = folder.assetcatalog; path = "Preview Assets.xcassets"; sourceTree = "<group>"; };
		03ED90DB24BD0E4B00E6AAAD /* Base */ = {isa = PBXFileReference; lastKnownFileType = file.storyboard; name = Base; path = Base.lproj/LaunchScreen.storyboard; sourceTree = "<group>"; };
		03ED90DD24BD0E4B00E6AAAD /* Info.plist */ = {isa = PBXFileReference; lastKnownFileType = text.plist.xml; path = Info.plist; sourceTree = "<group>"; };
/* End PBXFileReference section */

/* Begin PBXFrameworksBuildPhase section */
		03ED90C924BD0E4800E6AAAD /* Frameworks */ = {
			isa = PBXFrameworksBuildPhase;
			buildActionMask = 2147483647;
			files = (
			);
			runOnlyForDeploymentPostprocessing = 0;
		};
/* End PBXFrameworksBuildPhase section */

/* Begin PBXGroup section */
		03ED90C324BD0E4800E6AAAD = {
			isa = PBXGroup;
			children = (
				03ED90CE24BD0E4800E6AAAD /* cs193p-set-game */,
				03ED90CD24BD0E4800E6AAAD /* Products */,
			);
			sourceTree = "<group>";
		};
		03ED90CD24BD0E4800E6AAAD /* Products */ = {
			isa = PBXGroup;
			children = (
				03ED90CC24BD0E4800E6AAAD /* cs193p-set-game.app */,
			);
			name = Products;
			sourceTree = "<group>";
		};
		03ED90CE24BD0E4800E6AAAD /* cs193p-set-game */ = {
			isa = PBXGroup;
			children = (
				03ED90CF24BD0E4800E6AAAD /* AppDelegate.swift */,
				03ED90D124BD0E4800E6AAAD /* SceneDelegate.swift */,
				03ED90D324BD0E4800E6AAAD /* ContentView.swift */,
				03ED90D524BD0E4B00E6AAAD /* Assets.xcassets */,
				03ED90DA24BD0E4B00E6AAAD /* LaunchScreen.storyboard */,
				03ED90DD24BD0E4B00E6AAAD /* Info.plist */,
				03ED90D724BD0E4B00E6AAAD /* Preview Content */,
			);
			path = "cs193p-set-game";
			sourceTree = "<group>";
		};
		03ED90D724BD0E4B00E6AAAD /* Preview Content */ = {
			isa = PBXGroup;
			children = (
				03ED90D824BD0E4B00E6AAAD /* Preview Assets.xcassets */,
			);
			path = "Preview Content";
			sourceTree = "<group>";
		};
/* End PBXGroup section */

/* Begin PBXNativeTarget section */
		03ED90CB24BD0E4800E6AAAD /* cs193p-set-game */ = {
			isa = PBXNativeTarget;
			buildConfigurationList = 03ED90E024BD0E4B00E6AAAD /* Build configuration list for PBXNativeTarget "cs193p-set-game" */;
			buildPhases = (
				03ED90C824BD0E4800E6AAAD /* Sources */,
				03ED90C924BD0E4800E6AAAD /* Frameworks */,
				03ED90CA24BD0E4800E6AAAD /* Resources */,
			);
			buildRules = (
			);
			dependencies = (
			);
			name = "cs193p-set-game";
			productName = "cs193p-set-game";
			productReference = 03ED90CC24BD0E4800E6AAAD /* cs193p-set-game.app */;
			productType = "com.apple.product-type.application";
		};
/* End PBXNativeTarget section */

/* Begin PBXProject section */
		03ED90C424BD0E4800E6AAAD /* Project object */ = {
			isa = PBXProject;
			attributes = {
				LastSwiftUpdateCheck = 1150;
				LastUpgradeCheck = 1150;
				ORGANIZATIONNAME = "E. Conrad Diao";
				TargetAttributes = {
					03ED90CB24BD0E4800E6AAAD = {
						CreatedOnToolsVersion = 11.5;
					};
				};
			};
			buildConfigurationList = 03ED90C724BD0E4800E6AAAD /* Build configuration list for PBXProject "cs193p-set-game" */;
			compatibilityVersion = "Xcode 9.3";
			developmentRegion = en;
			hasScannedForEncodings = 0;
			knownRegions = (
				en,
				Base,
			);
			mainGroup = 03ED90C324BD0E4800E6AAAD;
			productRefGroup = 03ED90CD24BD0E4800E6AAAD /* Products */;
			projectDirPath = "";
			projectRoot = "";
			targets = (
				03ED90CB24BD0E4800E6AAAD /* cs193p-set-game */,
			);
		};
/* End PBXProject section */

/* Begin PBXResourcesBuildPhase section */
		03ED90CA24BD0E4800E6AAAD /* Resources */ = {
			isa = PBXResourcesBuildPhase;
			buildActionMask = 2147483647;
			files = (
				03ED90DC24BD0E4B00E6AAAD /* LaunchScreen.storyboard in Resources */,
				03ED90D924BD0E4B00E6AAAD /* Preview Assets.xcassets in Resources */,
				03ED90D624BD0E4B00E6AAAD /* Assets.xcassets in Resources */,
			);
			runOnlyForDeploymentPostprocessing = 0;
		};
/* End PBXResourcesBuildPhase section */

/* Begin PBXSourcesBuildPhase section */
		03ED90C824BD0E4800E6AAAD /* Sources */ = {
			isa = PBXSourcesBuildPhase;
			buildActionMask = 2147483647;
			files = (
				03ED90D024BD0E4800E6AAAD /* AppDelegate.swift in Sources */,
				03ED90D224BD0E4800E6AAAD /* SceneDelegate.swift in Sources */,
				03ED90D424BD0E4800E6AAAD /* ContentView.swift in Sources */,
			);
			runOnlyForDeploymentPostprocessing = 0;
		};
/* End PBXSourcesBuildPhase section */

/* Begin PBXVariantGroup section */
		03ED90DA24BD0E4B00E6AAAD /* LaunchScreen.storyboard */ = {
			isa = PBXVariantGroup;
			children = (
				03ED90DB24BD0E4B00E6AAAD /* Base */,
			);
			name = LaunchScreen.storyboard;
			sourceTree = "<group>";
		};
/* End PBXVariantGroup section */

/* Begin XCBuildConfiguration section */
		03ED90DE24BD0E4B00E6AAAD /* Debug */ = {
			isa = XCBuildConfiguration;
			buildSettings = {
				ALWAYS_SEARCH_USER_PATHS = NO;
				CLANG_ANALYZER_NONNULL = YES;
				CLANG_ANALYZER_NUMBER_OBJECT_CONVERSION = YES_AGGRESSIVE;
				CLANG_CXX_LANGUAGE_STANDARD = "gnu++14";
				CLANG_CXX_LIBRARY = "libc++";
				CLANG_ENABLE_MODULES = YES;
				CLANG_ENABLE_OBJC_ARC = YES;
				CLANG_ENABLE_OBJC_WEAK = YES;
				CLANG_WARN_BLOCK_CAPTURE_AUTORELEASING = YES;
				CLANG_WARN_BOOL_CONVERSION = YES;
				CLANG_WARN_COMMA = YES;
				CLANG_WARN_CONSTANT_CONVERSION = YES;
				CLANG_WARN_DEPRECATED_OBJC_IMPLEMENTATIONS = YES;
				CLANG_WARN_DIRECT_OBJC_ISA_USAGE = YES_ERROR;
				CLANG_WARN_DOCUMENTATION_COMMENTS = YES;
				CLANG_WARN_EMPTY_BODY = YES;
				CLANG_WARN_ENUM_CONVERSION = YES;
				CLANG_WARN_INFINITE_RECURSION = YES;
				CLANG_WARN_INT_CONVERSION = YES;
				CLANG_WARN_NON_LITERAL_NULL_CONVERSION = YES;
				CLANG_WARN_OBJC_IMPLICIT_RETAIN_SELF = YES;
				CLANG_WARN_OBJC_LITERAL_CONVERSION = YES;
				CLANG_WARN_OBJC_ROOT_CLASS = YES_ERROR;
				CLANG_WARN_RANGE_LOOP_ANALYSIS = YES;
				CLANG_WARN_STRICT_PROTOTYPES = YES;
				CLANG_WARN_SUSPICIOUS_MOVE = YES;
				CLANG_WARN_UNGUARDED_AVAILABILITY = YES_AGGRESSIVE;
				CLANG_WARN_UNREACHABLE_CODE = YES;
				CLANG_WARN__DUPLICATE_METHOD_MATCH = YES;
				COPY_PHASE_STRIP = NO;
				DEBUG_INFORMATION_FORMAT = dwarf;
				ENABLE_STRICT_OBJC_MSGSEND = YES;
				ENABLE_TESTABILITY = YES;
				GCC_C_LANGUAGE_STANDARD = gnu11;
				GCC_DYNAMIC_NO_PIC = NO;
				GCC_NO_COMMON_BLOCKS = YES;
				GCC_OPTIMIZATION_LEVEL = 0;
				GCC_PREPROCESSOR_DEFINITIONS = (
					"DEBUG=1",
					"$(inherited)",
				);
				GCC_WARN_64_TO_32_BIT_CONVERSION = YES;
				GCC_WARN_ABOUT_RETURN_TYPE = YES_ERROR;
				GCC_WARN_UNDECLARED_SELECTOR = YES;
				GCC_WARN_UNINITIALIZED_AUTOS = YES_AGGRESSIVE;
				GCC_WARN_UNUSED_FUNCTION = YES;
				GCC_WARN_UNUSED_VARIABLE = YES;
				IPHONEOS_DEPLOYMENT_TARGET = 13.5;
				MTL_ENABLE_DEBUG_INFO = INCLUDE_SOURCE;
				MTL_FAST_MATH = YES;
				ONLY_ACTIVE_ARCH = YES;
				SDKROOT = iphoneos;
				SWIFT_ACTIVE_COMPILATION_CONDITIONS = DEBUG;
				SWIFT_OPTIMIZATION_LEVEL = "-Onone";
			};
			name = Debug;
		};
		03ED90DF24BD0E4B00E6AAAD /* Release */ = {
			isa = XCBuildConfiguration;
			buildSettings = {
				ALWAYS_SEARCH_USER_PATHS = NO;
				CLANG_ANALYZER_NONNULL = YES;
				CLANG_ANALYZER_NUMBER_OBJECT_CONVERSION = YES_AGGRESSIVE;
				CLANG_CXX_LANGUAGE_STANDARD = "gnu++14";
				CLANG_CXX_LIBRARY = "libc++";
				CLANG_ENABLE_MODULES = YES;
				CLANG_ENABLE_OBJC_ARC = YES;
				CLANG_ENABLE_OBJC_WEAK = YES;
				CLANG_WARN_BLOCK_CAPTURE_AUTORELEASING = YES;
				CLANG_WARN_BOOL_CONVERSION = YES;
				CLANG_WARN_COMMA = YES;
				CLANG_WARN_CONSTANT_CONVERSION = YES;
				CLANG_WARN_DEPRECATED_OBJC_IMPLEMENTATIONS = YES;
				CLANG_WARN_DIRECT_OBJC_ISA_USAGE = YES_ERROR;
				CLANG_WARN_DOCUMENTATION_COMMENTS = YES;
				CLANG_WARN_EMPTY_BODY = YES;
				CLANG_WARN_ENUM_CONVERSION = YES;
				CLANG_WARN_INFINITE_RECURSION = YES;
				CLANG_WARN_INT_CONVERSION = YES;
				CLANG_WARN_NON_LITERAL_NULL_CONVERSION = YES;
				CLANG_WARN_OBJC_IMPLICIT_RETAIN_SELF = YES;
				CLANG_WARN_OBJC_LITERAL_CONVERSION = YES;
				CLANG_WARN_OBJC_ROOT_CLASS = YES_ERROR;
				CLANG_WARN_RANGE_LOOP_ANALYSIS = YES;
				CLANG_WARN_STRICT_PROTOTYPES = YES;
				CLANG_WARN_SUSPICIOUS_MOVE = YES;
				CLANG_WARN_UNGUARDED_AVAILABILITY = YES_AGGRESSIVE;
				CLANG_WARN_UNREACHABLE_CODE = YES;
				CLANG_WARN__DUPLICATE_METHOD_MATCH = YES;
				COPY_PHASE_STRIP = NO;
				DEBUG_INFORMATION_FORMAT = "dwarf-with-dsym";
				ENABLE_NS_ASSERTIONS = NO;
				ENABLE_STRICT_OBJC_MSGSEND = YES;
				GCC_C_LANGUAGE_STANDARD = gnu11;
				GCC_NO_COMMON_BLOCKS = YES;
				GCC_WARN_64_TO_32_BIT_CONVERSION = YES;
				GCC_WARN_ABOUT_RETURN_TYPE = YES_ERROR;
				GCC_WARN_UNDECLARED_SELECTOR = YES;
				GCC_WARN_UNINITIALIZED_AUTOS = YES_AGGRESSIVE;
				GCC_WARN_UNUSED_FUNCTION = YES;
				GCC_WARN_UNUSED_VARIABLE = YES;
				IPHONEOS_DEPLOYMENT_TARGET = 13.5;
				MTL_ENABLE_DEBUG_INFO = NO;
				MTL_FAST_MATH = YES;
				SDKROOT = iphoneos;
				SWIFT_COMPILATION_MODE = wholemodule;
				SWIFT_OPTIMIZATION_LEVEL = "-O";
				VALIDATE_PRODUCT = YES;
			};
			name = Release;
		};
		03ED90E124BD0E4B00E6AAAD /* Debug */ = {
			isa = XCBuildConfiguration;
			buildSettings = {
				ASSETCATALOG_COMPILER_APPICON_NAME = AppIcon;
				CODE_SIGN_STYLE = Automatic;
				DEVELOPMENT_ASSET_PATHS = "\"cs193p-set-game/Preview Content\"";
				DEVELOPMENT_TEAM = FSAJ344824;
				ENABLE_PREVIEWS = YES;
				INFOPLIST_FILE = "cs193p-set-game/Info.plist";
				LD_RUNPATH_SEARCH_PATHS = (
					"$(inherited)",
					"@executable_path/Frameworks",
				);
				PRODUCT_BUNDLE_IDENTIFIER = "econraddiao.cs193p-set-game";
				PRODUCT_NAME = "$(TARGET_NAME)";
				SWIFT_VERSION = 5.0;
				TARGETED_DEVICE_FAMILY = "1,2";
			};
			name = Debug;
		};
		03ED90E224BD0E4B00E6AAAD /* Release */ = {
			isa = XCBuildConfiguration;
			buildSettings = {
				ASSETCATALOG_COMPILER_APPICON_NAME = AppIcon;
				CODE_SIGN_STYLE = Automatic;
				DEVELOPMENT_ASSET_PATHS = "\"cs193p-set-game/Preview Content\"";
				DEVELOPMENT_TEAM = FSAJ344824;
				ENABLE_PREVIEWS = YES;
				INFOPLIST_FILE = "cs193p-set-game/Info.plist";
				LD_RUNPATH_SEARCH_PATHS = (
					"$(inherited)",
					"@executable_path/Frameworks",
				);
				PRODUCT_BUNDLE_IDENTIFIER = "econraddiao.cs193p-set-game";
				PRODUCT_NAME = "$(TARGET_NAME)";
				SWIFT_VERSION = 5.0;
				TARGETED_DEVICE_FAMILY = "1,2";
			};
			name = Release;
		};
/* End XCBuildConfiguration section */

/* Begin XCConfigurationList section */
		03ED90C724BD0E4800E6AAAD /* Build configuration list for PBXProject "cs193p-set-game" */ = {
			isa = XCConfigurationList;
			buildConfigurations = (
				03ED90DE24BD0E4B00E6AAAD /* Debug */,
				03ED90DF24BD0E4B00E6AAAD /* Release */,
			);
			defaultConfigurationIsVisible = 0;
			defaultConfigurationName = Release;
		};
		03ED90E024BD0E4B00E6AAAD /* Build configuration list for PBXNativeTarget "cs193p-set-game" */ = {
			isa = XCConfigurationList;
			buildConfigurations = (
				03ED90E124BD0E4B00E6AAAD /* Debug */,
				03ED90E224BD0E4B00E6AAAD /* Release */,
			);
			defaultConfigurationIsVisible = 0;
			defaultConfigurationName = Release;
		};
/* End XCConfigurationList section */
	};
	rootObject = 03ED90C424BD0E4800E6AAAD /* Project object */;
}
